<?xml version="1.0" encoding="utf-8"?>
<Project ToolsVersion="4.0" xmlns="http://schemas.microsoft.com/developer/msbuild/2003">
  <ItemGroup>
    <ClCompile Include="Render.cpp" />
    <ClCompile Include="Player.cpp" />
    <ClCompile Include="Morpion.cpp" />
    <ClCompile Include="sv.cpp" />
    <ClCompile Include="Input.cpp" />
    <ClCompile Include="ServerSocket.cpp" />
    <ClCompile Include="Time.h" />
    <ClCompile Include="Includes.h" />
    <ClCompile Include="GameManager.cpp" />
    <ClCompile Include="SetPlayer.cpp" />
    <ClCompile Include="SThread.cpp" />
  </ItemGroup>
  <ItemGroup>
    <ClInclude Include="Render.h" />
    <ClInclude Include="Player.h" />
    <ClInclude Include="Morpion.h" />
    <ClInclude Include="Input.h" />
    <ClInclude Include="Defines.h" />
    <ClInclude Include="ServerSocket.h" />
    <ClInclude Include="JSON.h" />
    <ClInclude Include="GameManager.h" />
    <ClInclude Include="SetPlayer.h" />
    <ClInclude Include="SThread.h" />
  </ItemGroup>
  <ItemGroup>
    <None Include="packages.config" />
  </ItemGroup>
</Project>